
Microsoft Visual Studio Solution File, Format Version 12.00
# Visual Studio 15
VisualStudioVersion = 15.0.27004.2002
MinimumVisualStudioVersion = 10.0.40219.1
Project("{FAE04EC0-301F-11D3-BF4B-00C04F79EFBC}") = "ArduinoXCommander", "ArduinoXCommander.csproj", "{0EFA54D7-4864-4DAA-91F5-BA24156D2B78}"
EndProject
Global
	GlobalSection(SolutionConfigurationPlatforms) = preSolution
		Debug|Any CPU = Debug|Any CPU
		Release|Any CPU = Release|Any CPU
	EndGlobalSection
	GlobalSection(ProjectConfigurationPlatforms) = postSolution
		{0EFA54D7-4864-4DAA-91F5-BA24156D2B78}.Debug|Any CPU.ActiveCfg = Debug|Any CPU
		{0EFA54D7-4864-4DAA-91F5-BA24156D2B78}.Debug|Any CPU.Build.0 = Debug|Any CPU
		{0EFA54D7-4864-4DAA-91F5-BA24156D2B78}.Release|Any CPU.ActiveCfg = Release|Any CPU
		{0EFA54D7-4864-4DAA-91F5-BA24156D2B78}.Release|Any CPU.Build.0 = Release|Any CPU
	EndGlobalSection
	GlobalSection(SolutionProperties) = preSolution
		HideSolutionNode = FALSE
	EndGlobalSection
	GlobalSection(ExtensibilityGlobals) = postSolution
		SolutionGuid = {5AEE941F-B0A7-4043-A589-F2706E87A416}
	EndGlobalSection
EndGlobal
